
Microsoft Visual Studio Solution File, Format Version 12.00
# Visual Studio Version 16
VisualStudioVersion = 16.0.29613.14
MinimumVisualStudioVersion = 10.0.40219.1
Project("{9A19103F-16F7-4668-BE54-9A1E7A4F7556}") = "LifeTracker.Application", "LifeTracker.Common.Data\LifeTracker.Application.csproj", "{0C5E2C51-E4F6-4B6A-8D7E-27B3C2835C8F}"
EndProject
Project("{9A19103F-16F7-4668-BE54-9A1E7A4F7556}") = "LifeTracker.Data", "LifeTracker.Data\LifeTracker.Data.csproj", "{C93D5C78-C721-4BC4-A971-142A39993779}"
EndProject
Project("{FAE04EC0-301F-11D3-BF4B-00C04F79EFBC}") = "LifeTracker.API", "LifeTracker.API\LifeTracker.API.csproj", "{CE016FD6-7AE2-4BA8-8A5C-9DDEDCA44B98}"
EndProject
Global
	GlobalSection(SolutionConfigurationPlatforms) = preSolution
		Debug|Any CPU = Debug|Any CPU
		Release|Any CPU = Release|Any CPU
	EndGlobalSection
	GlobalSection(ProjectConfigurationPlatforms) = postSolution
		{0C5E2C51-E4F6-4B6A-8D7E-27B3C2835C8F}.Debug|Any CPU.ActiveCfg = Debug|Any CPU
		{0C5E2C51-E4F6-4B6A-8D7E-27B3C2835C8F}.Debug|Any CPU.Build.0 = Debug|Any CPU
		{0C5E2C51-E4F6-4B6A-8D7E-27B3C2835C8F}.Release|Any CPU.ActiveCfg = Release|Any CPU
		{0C5E2C51-E4F6-4B6A-8D7E-27B3C2835C8F}.Release|Any CPU.Build.0 = Release|Any CPU
		{C93D5C78-C721-4BC4-A971-142A39993779}.Debug|Any CPU.ActiveCfg = Debug|Any CPU
		{C93D5C78-C721-4BC4-A971-142A39993779}.Debug|Any CPU.Build.0 = Debug|Any CPU
		{C93D5C78-C721-4BC4-A971-142A39993779}.Release|Any CPU.ActiveCfg = Release|Any CPU
		{C93D5C78-C721-4BC4-A971-142A39993779}.Release|Any CPU.Build.0 = Release|Any CPU
		{CE016FD6-7AE2-4BA8-8A5C-9DDEDCA44B98}.Debug|Any CPU.ActiveCfg = Debug|Any CPU
		{CE016FD6-7AE2-4BA8-8A5C-9DDEDCA44B98}.Debug|Any CPU.Build.0 = Debug|Any CPU
		{CE016FD6-7AE2-4BA8-8A5C-9DDEDCA44B98}.Release|Any CPU.ActiveCfg = Release|Any CPU
		{CE016FD6-7AE2-4BA8-8A5C-9DDEDCA44B98}.Release|Any CPU.Build.0 = Release|Any CPU
	EndGlobalSection
	GlobalSection(SolutionProperties) = preSolution
		HideSolutionNode = FALSE
	EndGlobalSection
	GlobalSection(ExtensibilityGlobals) = postSolution
		SolutionGuid = {4B08E9AD-A861-4AA8-9DBF-063BCFE307E7}
	EndGlobalSection
EndGlobal
